
Microsoft Visual Studio Solution File, Format Version 12.00
# Visual Studio 2013
VisualStudioVersion = 12.0.21005.1
MinimumVisualStudioVersion = 10.0.40219.1
Project("{8BC9CEB8-8B4A-11D0-8D11-00A0C91BC942}") = "Project3", "Project3.vcxproj", "{97A61E6C-74E8-4BAE-B2F8-0F26D7F1ADA4}"
EndProject
Global
	GlobalSection(SolutionConfigurationPlatforms) = preSolution
		Debug|Win32 = Debug|Win32
		Release|Win32 = Release|Win32
	EndGlobalSection
	GlobalSection(ProjectConfigurationPlatforms) = postSolution
		{97A61E6C-74E8-4BAE-B2F8-0F26D7F1ADA4}.Debug|Win32.ActiveCfg = Debug|Win32
		{97A61E6C-74E8-4BAE-B2F8-0F26D7F1ADA4}.Debug|Win32.Build.0 = Debug|Win32
		{97A61E6C-74E8-4BAE-B2F8-0F26D7F1ADA4}.Release|Win32.ActiveCfg = Release|Win32
		{97A61E6C-74E8-4BAE-B2F8-0F26D7F1ADA4}.Release|Win32.Build.0 = Release|Win32
	EndGlobalSection
	GlobalSection(SolutionProperties) = preSolution
		HideSolutionNode = FALSE
	EndGlobalSection
EndGlobal
